
Microsoft Visual Studio Solution File, Format Version 12.00
# Visual Studio Version 17
VisualStudioVersion = 17.0.31912.275
MinimumVisualStudioVersion = 10.0.40219.1
Project("{FAE04EC0-301F-11D3-BF4B-00C04F79EFBC}") = "Tictactoe game", "Tictactoe game.csproj", "{9F9EBBA4-3952-4ECA-B11C-92DCE8AD0573}"
EndProject
Global
	GlobalSection(SolutionConfigurationPlatforms) = preSolution
		Debug|Any CPU = Debug|Any CPU
		Release|Any CPU = Release|Any CPU
	EndGlobalSection
	GlobalSection(ProjectConfigurationPlatforms) = postSolution
		{9F9EBBA4-3952-4ECA-B11C-92DCE8AD0573}.Debug|Any CPU.ActiveCfg = Debug|Any CPU
		{9F9EBBA4-3952-4ECA-B11C-92DCE8AD0573}.Debug|Any CPU.Build.0 = Debug|Any CPU
		{9F9EBBA4-3952-4ECA-B11C-92DCE8AD0573}.Release|Any CPU.ActiveCfg = Release|Any CPU
		{9F9EBBA4-3952-4ECA-B11C-92DCE8AD0573}.Release|Any CPU.Build.0 = Release|Any CPU
	EndGlobalSection
	GlobalSection(SolutionProperties) = preSolution
		HideSolutionNode = FALSE
	EndGlobalSection
	GlobalSection(ExtensibilityGlobals) = postSolution
		SolutionGuid = {EFA02B69-AC86-4335-9BF3-6C5F13984DD1}
	EndGlobalSection
EndGlobal
